
Microsoft Visual Studio Solution File, Format Version 12.00
# Visual Studio Version 17
VisualStudioVersion = 17.8.34511.84
MinimumVisualStudioVersion = 10.0.40219.1
Project("{FAE04EC0-301F-11D3-BF4B-00C04F79EFBC}") = "BhvFile", "BhvFile\BhvFile.csproj", "{1B4197F6-0B24-48D7-82ED-65C47A42CA05}"
EndProject
Global
	GlobalSection(SolutionConfigurationPlatforms) = preSolution
		Debug|Any CPU = Debug|Any CPU
		Release|Any CPU = Release|Any CPU
	EndGlobalSection
	GlobalSection(ProjectConfigurationPlatforms) = postSolution
		{1B4197F6-0B24-48D7-82ED-65C47A42CA05}.Debug|Any CPU.ActiveCfg = Debug|Any CPU
		{1B4197F6-0B24-48D7-82ED-65C47A42CA05}.Debug|Any CPU.Build.0 = Debug|Any CPU
		{1B4197F6-0B24-48D7-82ED-65C47A42CA05}.Release|Any CPU.ActiveCfg = Release|Any CPU
		{1B4197F6-0B24-48D7-82ED-65C47A42CA05}.Release|Any CPU.Build.0 = Release|Any CPU
	EndGlobalSection
	GlobalSection(SolutionProperties) = preSolution
		HideSolutionNode = FALSE
	EndGlobalSection
	GlobalSection(ExtensibilityGlobals) = postSolution
		SolutionGuid = {00BCD72C-C61E-4633-B5A6-4144AA0A2C65}
	EndGlobalSection
EndGlobal
